// !$*UTF8*$!
{
	archiveVersion = 1;
	classes = {
	};
	objectVersion = 48;
	objects = {

/* Begin PBXBuildFile section */
		B19021891F14721B00C09922 /* AppDelegate.swift in Sources */ = {isa = PBXBuildFile; fileRef = B19021881F14721B00C09922 /* AppDelegate.swift */; };
		B190218B1F14721B00C09922 /* art.scnassets in Resources */ = {isa = PBXBuildFile; fileRef = B190218A1F14721B00C09922 /* art.scnassets */; };
		B190218D1F14721B00C09922 /* ViewController.swift in Sources */ = {isa = PBXBuildFile; fileRef = B190218C1F14721B00C09922 /* ViewController.swift */; };
		B19021901F14721B00C09922 /* Main.storyboard in Resources */ = {isa = PBXBuildFile; fileRef = B190218E1F14721B00C09922 /* Main.storyboard */; };
		B19021921F14721B00C09922 /* Assets.xcassets in Resources */ = {isa = PBXBuildFile; fileRef = B19021911F14721B00C09922 /* Assets.xcassets */; };
		B19021951F14721B00C09922 /* LaunchScreen.storyboard in Resources */ = {isa = PBXBuildFile; fileRef = B19021931F14721B00C09922 /* LaunchScreen.storyboard */; };
/* End PBXBuildFile section */

/* Begin PBXFileReference section */
		B19021851F14721B00C09922 /* ARkit2.app */ = {isa = PBXFileReference; explicitFileType = wrapper.application; includeInIndex = 0; path = ARkit2.app; sourceTree = BUILT_PRODUCTS_DIR; };
		B19021881F14721B00C09922 /* AppDelegate.swift */ = {isa = PBXFileReference; lastKnownFileType = sourcecode.swift; path = AppDelegate.swift; sourceTree = "<group>"; };
		B190218A1F14721B00C09922 /* art.scnassets */ = {isa = PBXFileReference; lastKnownFileType = wrapper.scnassets; path = art.scnassets; sourceTree = "<group>"; };
		B190218C1F14721B00C09922 /* ViewController.swift */ = {isa = PBXFileReference; lastKnownFileType = sourcecode.swift; path = ViewController.swift; sourceTree = "<group>"; };
		B190218F1F14721B00C09922 /* Base */ = {isa = PBXFileReference; lastKnownFileType = file.storyboard; name = Base; path = Base.lproj/Main.storyboard; sourceTree = "<group>"; };
		B19021911F14721B00C09922 /* Assets.xcassets */ = {isa = PBXFileReference; lastKnownFileType = folder.assetcatalog; path = Assets.xcassets; sourceTree = "<group>"; };
		B19021941F14721B00C09922 /* Base */ = {isa = PBXFileReference; lastKnownFileType = file.storyboard; name = Base; path = Base.lproj/LaunchScreen.storyboard; sourceTree = "<group>"; };
		B19021961F14721B00C09922 /* Info.plist */ = {isa = PBXFileReference; lastKnownFileType = text.plist.xml; path = Info.plist; sourceTree = "<group>"; };
/* End PBXFileReference section */

/* Begin PBXFrameworksBuildPhase section */
		B19021821F14721B00C09922 /* Frameworks */ = {
			isa = PBXFrameworksBuildPhase;
			buildActionMask = 2147483647;
			files = (
			);
			runOnlyForDeploymentPostprocessing = 0;
		};
/* End PBXFrameworksBuildPhase section */

/* Begin PBXGroup section */
		B190217C1F14721B00C09922 = {
			isa = PBXGroup;
			children = (
				B19021871F14721B00C09922 /* ARkit2 */,
				B19021861F14721B00C09922 /* Products */,
			);
			sourceTree = "<group>";
		};
		B19021861F14721B00C09922 /* Products */ = {
			isa = PBXGroup;
			children = (
				B19021851F14721B00C09922 /* ARkit2.app */,
			);
			name = Products;
			sourceTree = "<group>";
		};
		B19021871F14721B00C09922 /* ARkit2 */ = {
			isa = PBXGroup;
			children = (
				B19021881F14721B00C09922 /* AppDelegate.swift */,
				B190218A1F14721B00C09922 /* art.scnassets */,
				B190218C1F14721B00C09922 /* ViewController.swift */,
				B190218E1F14721B00C09922 /* Main.storyboard */,
				B19021911F14721B00C09922 /* Assets.xcassets */,
				B19021931F14721B00C09922 /* LaunchScreen.storyboard */,
				B19021961F14721B00C09922 /* Info.plist */,
			);
			path = ARkit2;
			sourceTree = "<group>";
		};
/* End PBXGroup section */

/* Begin PBXNativeTarget section */
		B19021841F14721B00C09922 /* ARkit2 */ = {
			isa = PBXNativeTarget;
			buildConfigurationList = B19021991F14721B00C09922 /* Build configuration list for PBXNativeTarget "ARkit2" */;
			buildPhases = (
				B19021811F14721B00C09922 /* Sources */,
				B19021821F14721B00C09922 /* Frameworks */,
				B19021831F14721B00C09922 /* Resources */,
			);
			buildRules = (
			);
			dependencies = (
			);
			name = ARkit2;
			productName = ARkit2;
			productReference = B19021851F14721B00C09922 /* ARkit2.app */;
			productType = "com.apple.product-type.application";
		};
/* End PBXNativeTarget section */

/* Begin PBXProject section */
		B190217D1F14721B00C09922 /* Project object */ = {
			isa = PBXProject;
			attributes = {
				LastSwiftUpdateCheck = 0900;
				LastUpgradeCheck = 0900;
				ORGANIZATIONNAME = VictorLee;
				TargetAttributes = {
					B19021841F14721B00C09922 = {
						CreatedOnToolsVersion = 9.0;
					};
				};
			};
			buildConfigurationList = B19021801F14721B00C09922 /* Build configuration list for PBXProject "ARkit2" */;
			compatibilityVersion = "Xcode 8.0";
			developmentRegion = en;
			hasScannedForEncodings = 0;
			knownRegions = (
				en,
				Base,
			);
			mainGroup = B190217C1F14721B00C09922;
			productRefGroup = B19021861F14721B00C09922 /* Products */;
			projectDirPath = "";
			projectRoot = "";
			targets = (
				B19021841F14721B00C09922 /* ARkit2 */,
			);
		};
/* End PBXProject section */

/* Begin PBXResourcesBuildPhase section */
		B19021831F14721B00C09922 /* Resources */ = {
			isa = PBXResourcesBuildPhase;
			buildActionMask = 2147483647;
			files = (
				B190218B1F14721B00C09922 /* art.scnassets in Resources */,
				B19021951F14721B00C09922 /* LaunchScreen.storyboard in Resources */,
				B19021921F14721B00C09922 /* Assets.xcassets in Resources */,
				B19021901F14721B00C09922 /* Main.storyboard in Resources */,
			);
			runOnlyForDeploymentPostprocessing = 0;
		};
/* End PBXResourcesBuildPhase section */

/* Begin PBXSourcesBuildPhase section */
		B19021811F14721B00C09922 /* Sources */ = {
			isa = PBXSourcesBuildPhase;
			buildActionMask = 2147483647;
			files = (
				B190218D1F14721B00C09922 /* ViewController.swift in Sources */,
				B19021891F14721B00C09922 /* AppDelegate.swift in Sources */,
			);
			runOnlyForDeploymentPostprocessing = 0;
		};
/* End PBXSourcesBuildPhase section */

/* Begin PBXVariantGroup section */
		B190218E1F14721B00C09922 /* Main.storyboard */ = {
			isa = PBXVariantGroup;
			children = (
				B190218F1F14721B00C09922 /* Base */,
			);
			name = Main.storyboard;
			sourceTree = "<group>";
		};
		B19021931F14721B00C09922 /* LaunchScreen.storyboard */ = {
			isa = PBXVariantGroup;
			children = (
				B19021941F14721B00C09922 /* Base */,
			);
			name = LaunchScreen.storyboard;
			sourceTree = "<group>";
		};
/* End PBXVariantGroup section */

/* Begin XCBuildConfiguration section */
		B19021971F14721B00C09922 /* Debug */ = {
			isa = XCBuildConfiguration;
			buildSettings = {
				ALWAYS_SEARCH_USER_PATHS = NO;
				CLANG_ANALYZER_NONNULL = YES;
				CLANG_ANALYZER_NUMBER_OBJECT_CONVERSION = YES_AGGRESSIVE;
				CLANG_CXX_LANGUAGE_STANDARD = "gnu++14";
				CLANG_CXX_LIBRARY = "libc++";
				CLANG_ENABLE_MODULES = YES;
				CLANG_ENABLE_OBJC_ARC = YES;
				CLANG_WARN_BLOCK_CAPTURE_AUTORELEASING = YES;
				CLANG_WARN_BOOL_CONVERSION = YES;
				CLANG_WARN_COMMA = YES;
				CLANG_WARN_CONSTANT_CONVERSION = YES;
				CLANG_WARN_DIRECT_OBJC_ISA_USAGE = YES_ERROR;
				CLANG_WARN_DOCUMENTATION_COMMENTS = YES;
				CLANG_WARN_EMPTY_BODY = YES;
				CLANG_WARN_ENUM_CONVERSION = YES;
				CLANG_WARN_INFINITE_RECURSION = YES;
				CLANG_WARN_INT_CONVERSION = YES;
				CLANG_WARN_OBJC_ROOT_CLASS = YES_ERROR;
				CLANG_WARN_RANGE_LOOP_ANALYSIS = YES;
				CLANG_WARN_STRICT_PROTOTYPES = YES;
				CLANG_WARN_SUSPICIOUS_MOVE = YES;
				CLANG_WARN_UNGUARDED_AVAILABILITY = YES_AGGRESSIVE;
				CLANG_WARN_UNREACHABLE_CODE = YES;
				CLANG_WARN__DUPLICATE_METHOD_MATCH = YES;
				CODE_SIGN_IDENTITY = "iPhone Developer";
				COPY_PHASE_STRIP = NO;
				DEBUG_INFORMATION_FORMAT = dwarf;
				ENABLE_STRICT_OBJC_MSGSEND = YES;
				ENABLE_TESTABILITY = YES;
				GCC_C_LANGUAGE_STANDARD = gnu11;
				GCC_DYNAMIC_NO_PIC = NO;
				GCC_NO_COMMON_BLOCKS = YES;
				GCC_OPTIMIZATION_LEVEL = 0;
				GCC_PREPROCESSOR_DEFINITIONS = (
					"DEBUG=1",
					"$(inherited)",
				);
				GCC_WARN_64_TO_32_BIT_CONVERSION = YES;
				GCC_WARN_ABOUT_RETURN_TYPE = YES_ERROR;
				GCC_WARN_UNDECLARED_SELECTOR = YES;
				GCC_WARN_UNINITIALIZED_AUTOS = YES_AGGRESSIVE;
				GCC_WARN_UNUSED_FUNCTION = YES;
				GCC_WARN_UNUSED_VARIABLE = YES;
				IPHONEOS_DEPLOYMENT_TARGET = 11.0;
				MTL_ENABLE_DEBUG_INFO = YES;
				ONLY_ACTIVE_ARCH = YES;
				SDKROOT = iphoneos;
				SWIFT_ACTIVE_COMPILATION_CONDITIONS = DEBUG;
				SWIFT_OPTIMIZATION_LEVEL = "-Onone";
			};
			name = Debug;
		};
		B19021981F14721B00C09922 /* Release */ = {
			isa = XCBuildConfiguration;
			buildSettings = {
				ALWAYS_SEARCH_USER_PATHS = NO;
				CLANG_ANALYZER_NONNULL = YES;
				CLANG_ANALYZER_NUMBER_OBJECT_CONVERSION = YES_AGGRESSIVE;
				CLANG_CXX_LANGUAGE_STANDARD = "gnu++14";
				CLANG_CXX_LIBRARY = "libc++";
				CLANG_ENABLE_MODULES = YES;
				CLANG_ENABLE_OBJC_ARC = YES;
				CLANG_WARN_BLOCK_CAPTURE_AUTORELEASING = YES;
				CLANG_WARN_BOOL_CONVERSION = YES;
				CLANG_WARN_COMMA = YES;
				CLANG_WARN_CONSTANT_CONVERSION = YES;
				CLANG_WARN_DIRECT_OBJC_ISA_USAGE = YES_ERROR;
				CLANG_WARN_DOCUMENTATION_COMMENTS = YES;
				CLANG_WARN_EMPTY_BODY = YES;
				CLANG_WARN_ENUM_CONVERSION = YES;
				CLANG_WARN_INFINITE_RECURSION = YES;
				CLANG_WARN_INT_CONVERSION = YES;
				CLANG_WARN_OBJC_ROOT_CLASS = YES_ERROR;
				CLANG_WARN_RANGE_LOOP_ANALYSIS = YES;
				CLANG_WARN_STRICT_PROTOTYPES = YES;
				CLANG_WARN_SUSPICIOUS_MOVE = YES;
				CLANG_WARN_UNGUARDED_AVAILABILITY = YES_AGGRESSIVE;
				CLANG_WARN_UNREACHABLE_CODE = YES;
				CLANG_WARN__DUPLICATE_METHOD_MATCH = YES;
				CODE_SIGN_IDENTITY = "iPhone Developer";
				COPY_PHASE_STRIP = NO;
				DEBUG_INFORMATION_FORMAT = "dwarf-with-dsym";
				ENABLE_NS_ASSERTIONS = NO;
				ENABLE_STRICT_OBJC_MSGSEND = YES;
				GCC_C_LANGUAGE_STANDARD = gnu11;
				GCC_NO_COMMON_BLOCKS = YES;
				GCC_WARN_64_TO_32_BIT_CONVERSION = YES;
				GCC_WARN_ABOUT_RETURN_TYPE = YES_ERROR;
				GCC_WARN_UNDECLARED_SELECTOR = YES;
				GCC_WARN_UNINITIALIZED_AUTOS = YES_AGGRESSIVE;
				GCC_WARN_UNUSED_FUNCTION = YES;
				GCC_WARN_UNUSED_VARIABLE = YES;
				IPHONEOS_DEPLOYMENT_TARGET = 11.0;
				MTL_ENABLE_DEBUG_INFO = NO;
				SDKROOT = iphoneos;
				SWIFT_OPTIMIZATION_LEVEL = "-Owholemodule";
				VALIDATE_PRODUCT = YES;
			};
			name = Release;
		};
		B190219A1F14721B00C09922 /* Debug */ = {
			isa = XCBuildConfiguration;
			buildSettings = {
				ASSETCATALOG_COMPILER_APPICON_NAME = AppIcon;
				DEVELOPMENT_TEAM = E26925RH2T;
				INFOPLIST_FILE = ARkit2/Info.plist;
				LD_RUNPATH_SEARCH_PATHS = "$(inherited) @executable_path/Frameworks";
				PRODUCT_BUNDLE_IDENTIFIER = com.VictorLee.ARkit2;
				PRODUCT_NAME = "$(TARGET_NAME)";
				SWIFT_VERSION = 4.0;
				TARGETED_DEVICE_FAMILY = "1,2";
			};
			name = Debug;
		};
		B190219B1F14721B00C09922 /* Release */ = {
			isa = XCBuildConfiguration;
			buildSettings = {
				ASSETCATALOG_COMPILER_APPICON_NAME = AppIcon;
				DEVELOPMENT_TEAM = E26925RH2T;
				INFOPLIST_FILE = ARkit2/Info.plist;
				LD_RUNPATH_SEARCH_PATHS = "$(inherited) @executable_path/Frameworks";
				PRODUCT_BUNDLE_IDENTIFIER = com.VictorLee.ARkit2;
				PRODUCT_NAME = "$(TARGET_NAME)";
				SWIFT_VERSION = 4.0;
				TARGETED_DEVICE_FAMILY = "1,2";
			};
			name = Release;
		};
/* End XCBuildConfiguration section */

/* Begin XCConfigurationList section */
		B19021801F14721B00C09922 /* Build configuration list for PBXProject "ARkit2" */ = {
			isa = XCConfigurationList;
			buildConfigurations = (
				B19021971F14721B00C09922 /* Debug */,
				B19021981F14721B00C09922 /* Release */,
			);
			defaultConfigurationIsVisible = 0;
			defaultConfigurationName = Release;
		};
		B19021991F14721B00C09922 /* Build configuration list for PBXNativeTarget "ARkit2" */ = {
			isa = XCConfigurationList;
			buildConfigurations = (
				B190219A1F14721B00C09922 /* Debug */,
				B190219B1F14721B00C09922 /* Release */,
			);
			defaultConfigurationIsVisible = 0;
		};
/* End XCConfigurationList section */
	};
	rootObject = B190217D1F14721B00C09922 /* Project object */;
}
